// !$*UTF8*$!
{
	archiveVersion = 1;
	classes = {
	};
	objectVersion = 50;
	objects = {

/* Begin PBXBuildFile section */
		4377570F267B91D90000909C /* AppDelegate.swift in Sources */ = {isa = PBXBuildFile; fileRef = 4377570E267B91D90000909C /* AppDelegate.swift */; };
		43775711267B91D90000909C /* SceneDelegate.swift in Sources */ = {isa = PBXBuildFile; fileRef = 43775710267B91D90000909C /* SceneDelegate.swift */; };
		43775719267B91D90000909C /* AppStore_Rx.xcdatamodeld in Sources */ = {isa = PBXBuildFile; fileRef = 43775717267B91D90000909C /* AppStore_Rx.xcdatamodeld */; };
		4377571B267B91DC0000909C /* Assets.xcassets in Resources */ = {isa = PBXBuildFile; fileRef = 4377571A267B91DC0000909C /* Assets.xcassets */; };
		4377571E267B91DC0000909C /* LaunchScreen.storyboard in Resources */ = {isa = PBXBuildFile; fileRef = 4377571C267B91DC0000909C /* LaunchScreen.storyboard */; };
		43775729267B91DC0000909C /* AppStore_RxTests.swift in Sources */ = {isa = PBXBuildFile; fileRef = 43775728267B91DC0000909C /* AppStore_RxTests.swift */; };
		43775734267B91DC0000909C /* AppStore_RxUITests.swift in Sources */ = {isa = PBXBuildFile; fileRef = 43775733267B91DC0000909C /* AppStore_RxUITests.swift */; };
		B239651326807F1F00432C67 /* SearchAppListViewController.swift in Sources */ = {isa = PBXBuildFile; fileRef = B239651126807F1F00432C67 /* SearchAppListViewController.swift */; };
		B239651426807F1F00432C67 /* SearchAppListViewController.xib in Resources */ = {isa = PBXBuildFile; fileRef = B239651226807F1F00432C67 /* SearchAppListViewController.xib */; };
/* End PBXBuildFile section */

/* Begin PBXContainerItemProxy section */
		43775725267B91DC0000909C /* PBXContainerItemProxy */ = {
			isa = PBXContainerItemProxy;
			containerPortal = 43775703267B91D90000909C /* Project object */;
			proxyType = 1;
			remoteGlobalIDString = 4377570A267B91D90000909C;
			remoteInfo = "AppStore-Rx";
		};
		43775730267B91DC0000909C /* PBXContainerItemProxy */ = {
			isa = PBXContainerItemProxy;
			containerPortal = 43775703267B91D90000909C /* Project object */;
			proxyType = 1;
			remoteGlobalIDString = 4377570A267B91D90000909C;
			remoteInfo = "AppStore-Rx";
		};
/* End PBXContainerItemProxy section */

/* Begin PBXFileReference section */
		4377570B267B91D90000909C /* AppStore-Rx.app */ = {isa = PBXFileReference; explicitFileType = wrapper.application; includeInIndex = 0; path = "AppStore-Rx.app"; sourceTree = BUILT_PRODUCTS_DIR; };
		4377570E267B91D90000909C /* AppDelegate.swift */ = {isa = PBXFileReference; lastKnownFileType = sourcecode.swift; path = AppDelegate.swift; sourceTree = "<group>"; };
		43775710267B91D90000909C /* SceneDelegate.swift */ = {isa = PBXFileReference; lastKnownFileType = sourcecode.swift; path = SceneDelegate.swift; sourceTree = "<group>"; };
		43775718267B91D90000909C /* AppStore_Rx.xcdatamodel */ = {isa = PBXFileReference; lastKnownFileType = wrapper.xcdatamodel; path = AppStore_Rx.xcdatamodel; sourceTree = "<group>"; };
		4377571A267B91DC0000909C /* Assets.xcassets */ = {isa = PBXFileReference; lastKnownFileType = folder.assetcatalog; path = Assets.xcassets; sourceTree = "<group>"; };
		4377571D267B91DC0000909C /* Base */ = {isa = PBXFileReference; lastKnownFileType = file.storyboard; name = Base; path = Base.lproj/LaunchScreen.storyboard; sourceTree = "<group>"; };
		4377571F267B91DC0000909C /* Info.plist */ = {isa = PBXFileReference; lastKnownFileType = text.plist.xml; path = Info.plist; sourceTree = "<group>"; };
		43775724267B91DC0000909C /* AppStore-RxTests.xctest */ = {isa = PBXFileReference; explicitFileType = wrapper.cfbundle; includeInIndex = 0; path = "AppStore-RxTests.xctest"; sourceTree = BUILT_PRODUCTS_DIR; };
		43775728267B91DC0000909C /* AppStore_RxTests.swift */ = {isa = PBXFileReference; lastKnownFileType = sourcecode.swift; path = AppStore_RxTests.swift; sourceTree = "<group>"; };
		4377572A267B91DC0000909C /* Info.plist */ = {isa = PBXFileReference; lastKnownFileType = text.plist.xml; path = Info.plist; sourceTree = "<group>"; };
		4377572F267B91DC0000909C /* AppStore-RxUITests.xctest */ = {isa = PBXFileReference; explicitFileType = wrapper.cfbundle; includeInIndex = 0; path = "AppStore-RxUITests.xctest"; sourceTree = BUILT_PRODUCTS_DIR; };
		43775733267B91DC0000909C /* AppStore_RxUITests.swift */ = {isa = PBXFileReference; lastKnownFileType = sourcecode.swift; path = AppStore_RxUITests.swift; sourceTree = "<group>"; };
		43775735267B91DC0000909C /* Info.plist */ = {isa = PBXFileReference; lastKnownFileType = text.plist.xml; path = Info.plist; sourceTree = "<group>"; };
		B239651126807F1F00432C67 /* SearchAppListViewController.swift */ = {isa = PBXFileReference; lastKnownFileType = sourcecode.swift; path = SearchAppListViewController.swift; sourceTree = "<group>"; };
		B239651226807F1F00432C67 /* SearchAppListViewController.xib */ = {isa = PBXFileReference; lastKnownFileType = file.xib; path = SearchAppListViewController.xib; sourceTree = "<group>"; };
/* End PBXFileReference section */

/* Begin PBXFrameworksBuildPhase section */
		43775708267B91D90000909C /* Frameworks */ = {
			isa = PBXFrameworksBuildPhase;
			buildActionMask = 2147483647;
			files = (
			);
			runOnlyForDeploymentPostprocessing = 0;
		};
		43775721267B91DC0000909C /* Frameworks */ = {
			isa = PBXFrameworksBuildPhase;
			buildActionMask = 2147483647;
			files = (
			);
			runOnlyForDeploymentPostprocessing = 0;
		};
		4377572C267B91DC0000909C /* Frameworks */ = {
			isa = PBXFrameworksBuildPhase;
			buildActionMask = 2147483647;
			files = (
			);
			runOnlyForDeploymentPostprocessing = 0;
		};
/* End PBXFrameworksBuildPhase section */

/* Begin PBXGroup section */
		43775702267B91D90000909C = {
			isa = PBXGroup;
			children = (
				4377570D267B91D90000909C /* AppStore-Rx */,
				43775727267B91DC0000909C /* AppStore-RxTests */,
				43775732267B91DC0000909C /* AppStore-RxUITests */,
				4377570C267B91D90000909C /* Products */,
			);
			sourceTree = "<group>";
		};
		4377570C267B91D90000909C /* Products */ = {
			isa = PBXGroup;
			children = (
				4377570B267B91D90000909C /* AppStore-Rx.app */,
				43775724267B91DC0000909C /* AppStore-RxTests.xctest */,
				4377572F267B91DC0000909C /* AppStore-RxUITests.xctest */,
			);
			name = Products;
			sourceTree = "<group>";
		};
		4377570D267B91D90000909C /* AppStore-Rx */ = {
			isa = PBXGroup;
			children = (
				B2619F07267C2295008B9D0E /* Application */,
				B2619F08267C2372008B9D0E /* Presentation(MVVM) */,
				B2619F06267C21FA008B9D0E /* Domain(Business) */,
				B2619F09267C239B008B9D0E /* Data(Repository) */,
				4377571C267B91DC0000909C /* LaunchScreen.storyboard */,
				43775717267B91D90000909C /* AppStore_Rx.xcdatamodeld */,
			);
			path = "AppStore-Rx";
			sourceTree = "<group>";
		};
		43775727267B91DC0000909C /* AppStore-RxTests */ = {
			isa = PBXGroup;
			children = (
				43775728267B91DC0000909C /* AppStore_RxTests.swift */,
				4377572A267B91DC0000909C /* Info.plist */,
			);
			path = "AppStore-RxTests";
			sourceTree = "<group>";
		};
		43775732267B91DC0000909C /* AppStore-RxUITests */ = {
			isa = PBXGroup;
			children = (
				43775733267B91DC0000909C /* AppStore_RxUITests.swift */,
				43775735267B91DC0000909C /* Info.plist */,
			);
			path = "AppStore-RxUITests";
			sourceTree = "<group>";
		};
		B2619F06267C21FA008B9D0E /* Domain(Business) */ = {
			isa = PBXGroup;
			children = (
				B2619F10267C2554008B9D0E /* Interfaces */,
				B2619F0F267C2511008B9D0E /* UseCases */,
			);
			path = "Domain(Business)";
			sourceTree = "<group>";
		};
		B2619F07267C2295008B9D0E /* Application */ = {
			isa = PBXGroup;
			children = (
				4377571A267B91DC0000909C /* Assets.xcassets */,
				4377570E267B91D90000909C /* AppDelegate.swift */,
				43775710267B91D90000909C /* SceneDelegate.swift */,
				4377571F267B91DC0000909C /* Info.plist */,
			);
			path = Application;
			sourceTree = "<group>";
		};
		B2619F08267C2372008B9D0E /* Presentation(MVVM) */ = {
			isa = PBXGroup;
			children = (
				B2619F0A267C2475008B9D0E /* SearchAppScene */,
			);
			path = "Presentation(MVVM)";
			sourceTree = "<group>";
		};
		B2619F09267C239B008B9D0E /* Data(Repository) */ = {
			isa = PBXGroup;
			children = (
				B2619F0E267C2502008B9D0E /* Entities */,
				B2619F12267C25DB008B9D0E /* Network */,
				B2619F11267C2567008B9D0E /* Repositories */,
			);
			path = "Data(Repository)";
			sourceTree = "<group>";
		};
		B2619F0A267C2475008B9D0E /* SearchAppScene */ = {
			isa = PBXGroup;
			children = (
				B2619F0B267C24C6008B9D0E /* SearchAppList */,
			);
			path = SearchAppScene;
			sourceTree = "<group>";
		};
		B2619F0B267C24C6008B9D0E /* SearchAppList */ = {
			isa = PBXGroup;
			children = (
				B2619F0C267C24EB008B9D0E /* View */,
				B2619F0D267C24EF008B9D0E /* ViewModel */,
			);
			path = SearchAppList;
			sourceTree = "<group>";
		};
		B2619F0C267C24EB008B9D0E /* View */ = {
			isa = PBXGroup;
			children = (
				B239651126807F1F00432C67 /* SearchAppListViewController.swift */,
				B239651226807F1F00432C67 /* SearchAppListViewController.xib */,
			);
			path = View;
			sourceTree = "<group>";
		};
		B2619F0D267C24EF008B9D0E /* ViewModel */ = {
			isa = PBXGroup;
			children = (
			);
			path = ViewModel;
			sourceTree = "<group>";
		};
		B2619F0E267C2502008B9D0E /* Entities */ = {
			isa = PBXGroup;
			children = (
			);
			path = Entities;
			sourceTree = "<group>";
		};
		B2619F0F267C2511008B9D0E /* UseCases */ = {
			isa = PBXGroup;
			children = (
			);
			path = UseCases;
			sourceTree = "<group>";
		};
		B2619F10267C2554008B9D0E /* Interfaces */ = {
			isa = PBXGroup;
			children = (
			);
			path = Interfaces;
			sourceTree = "<group>";
		};
		B2619F11267C2567008B9D0E /* Repositories */ = {
			isa = PBXGroup;
			children = (
			);
			path = Repositories;
			sourceTree = "<group>";
		};
		B2619F12267C25DB008B9D0E /* Network */ = {
			isa = PBXGroup;
			children = (
			);
			path = Network;
			sourceTree = "<group>";
		};
/* End PBXGroup section */

/* Begin PBXNativeTarget section */
		4377570A267B91D90000909C /* AppStore-Rx */ = {
			isa = PBXNativeTarget;
			buildConfigurationList = 43775738267B91DC0000909C /* Build configuration list for PBXNativeTarget "AppStore-Rx" */;
			buildPhases = (
				43775707267B91D90000909C /* Sources */,
				43775708267B91D90000909C /* Frameworks */,
				43775709267B91D90000909C /* Resources */,
			);
			buildRules = (
			);
			dependencies = (
			);
			name = "AppStore-Rx";
			productName = "AppStore-Rx";
			productReference = 4377570B267B91D90000909C /* AppStore-Rx.app */;
			productType = "com.apple.product-type.application";
		};
		43775723267B91DC0000909C /* AppStore-RxTests */ = {
			isa = PBXNativeTarget;
			buildConfigurationList = 4377573B267B91DC0000909C /* Build configuration list for PBXNativeTarget "AppStore-RxTests" */;
			buildPhases = (
				43775720267B91DC0000909C /* Sources */,
				43775721267B91DC0000909C /* Frameworks */,
				43775722267B91DC0000909C /* Resources */,
			);
			buildRules = (
			);
			dependencies = (
				43775726267B91DC0000909C /* PBXTargetDependency */,
			);
			name = "AppStore-RxTests";
			productName = "AppStore-RxTests";
			productReference = 43775724267B91DC0000909C /* AppStore-RxTests.xctest */;
			productType = "com.apple.product-type.bundle.unit-test";
		};
		4377572E267B91DC0000909C /* AppStore-RxUITests */ = {
			isa = PBXNativeTarget;
			buildConfigurationList = 4377573E267B91DC0000909C /* Build configuration list for PBXNativeTarget "AppStore-RxUITests" */;
			buildPhases = (
				4377572B267B91DC0000909C /* Sources */,
				4377572C267B91DC0000909C /* Frameworks */,
				4377572D267B91DC0000909C /* Resources */,
			);
			buildRules = (
			);
			dependencies = (
				43775731267B91DC0000909C /* PBXTargetDependency */,
			);
			name = "AppStore-RxUITests";
			productName = "AppStore-RxUITests";
			productReference = 4377572F267B91DC0000909C /* AppStore-RxUITests.xctest */;
			productType = "com.apple.product-type.bundle.ui-testing";
		};
/* End PBXNativeTarget section */

/* Begin PBXProject section */
		43775703267B91D90000909C /* Project object */ = {
			isa = PBXProject;
			attributes = {
				LastSwiftUpdateCheck = 1220;
				LastUpgradeCheck = 1220;
				TargetAttributes = {
					4377570A267B91D90000909C = {
						CreatedOnToolsVersion = 12.2;
					};
					43775723267B91DC0000909C = {
						CreatedOnToolsVersion = 12.2;
						TestTargetID = 4377570A267B91D90000909C;
					};
					4377572E267B91DC0000909C = {
						CreatedOnToolsVersion = 12.2;
						TestTargetID = 4377570A267B91D90000909C;
					};
				};
			};
			buildConfigurationList = 43775706267B91D90000909C /* Build configuration list for PBXProject "AppStore-Rx" */;
			compatibilityVersion = "Xcode 9.3";
			developmentRegion = en;
			hasScannedForEncodings = 0;
			knownRegions = (
				en,
				Base,
			);
			mainGroup = 43775702267B91D90000909C;
			productRefGroup = 4377570C267B91D90000909C /* Products */;
			projectDirPath = "";
			projectRoot = "";
			targets = (
				4377570A267B91D90000909C /* AppStore-Rx */,
				43775723267B91DC0000909C /* AppStore-RxTests */,
				4377572E267B91DC0000909C /* AppStore-RxUITests */,
			);
		};
/* End PBXProject section */

/* Begin PBXResourcesBuildPhase section */
		43775709267B91D90000909C /* Resources */ = {
			isa = PBXResourcesBuildPhase;
			buildActionMask = 2147483647;
			files = (
				4377571E267B91DC0000909C /* LaunchScreen.storyboard in Resources */,
				4377571B267B91DC0000909C /* Assets.xcassets in Resources */,
				B239651426807F1F00432C67 /* SearchAppListViewController.xib in Resources */,
			);
			runOnlyForDeploymentPostprocessing = 0;
		};
		43775722267B91DC0000909C /* Resources */ = {
			isa = PBXResourcesBuildPhase;
			buildActionMask = 2147483647;
			files = (
			);
			runOnlyForDeploymentPostprocessing = 0;
		};
		4377572D267B91DC0000909C /* Resources */ = {
			isa = PBXResourcesBuildPhase;
			buildActionMask = 2147483647;
			files = (
			);
			runOnlyForDeploymentPostprocessing = 0;
		};
/* End PBXResourcesBuildPhase section */

/* Begin PBXSourcesBuildPhase section */
		43775707267B91D90000909C /* Sources */ = {
			isa = PBXSourcesBuildPhase;
			buildActionMask = 2147483647;
			files = (
				4377570F267B91D90000909C /* AppDelegate.swift in Sources */,
				43775711267B91D90000909C /* SceneDelegate.swift in Sources */,
				43775719267B91D90000909C /* AppStore_Rx.xcdatamodeld in Sources */,
				B239651326807F1F00432C67 /* SearchAppListViewController.swift in Sources */,
			);
			runOnlyForDeploymentPostprocessing = 0;
		};
		43775720267B91DC0000909C /* Sources */ = {
			isa = PBXSourcesBuildPhase;
			buildActionMask = 2147483647;
			files = (
				43775729267B91DC0000909C /* AppStore_RxTests.swift in Sources */,
			);
			runOnlyForDeploymentPostprocessing = 0;
		};
		4377572B267B91DC0000909C /* Sources */ = {
			isa = PBXSourcesBuildPhase;
			buildActionMask = 2147483647;
			files = (
				43775734267B91DC0000909C /* AppStore_RxUITests.swift in Sources */,
			);
			runOnlyForDeploymentPostprocessing = 0;
		};
/* End PBXSourcesBuildPhase section */

/* Begin PBXTargetDependency section */
		43775726267B91DC0000909C /* PBXTargetDependency */ = {
			isa = PBXTargetDependency;
			target = 4377570A267B91D90000909C /* AppStore-Rx */;
			targetProxy = 43775725267B91DC0000909C /* PBXContainerItemProxy */;
		};
		43775731267B91DC0000909C /* PBXTargetDependency */ = {
			isa = PBXTargetDependency;
			target = 4377570A267B91D90000909C /* AppStore-Rx */;
			targetProxy = 43775730267B91DC0000909C /* PBXContainerItemProxy */;
		};
/* End PBXTargetDependency section */

/* Begin PBXVariantGroup section */
		4377571C267B91DC0000909C /* LaunchScreen.storyboard */ = {
			isa = PBXVariantGroup;
			children = (
				4377571D267B91DC0000909C /* Base */,
			);
			name = LaunchScreen.storyboard;
			sourceTree = "<group>";
		};
/* End PBXVariantGroup section */

/* Begin XCBuildConfiguration section */
		43775736267B91DC0000909C /* Debug */ = {
			isa = XCBuildConfiguration;
			buildSettings = {
				ALWAYS_SEARCH_USER_PATHS = NO;
				CLANG_ANALYZER_NONNULL = YES;
				CLANG_ANALYZER_NUMBER_OBJECT_CONVERSION = YES_AGGRESSIVE;
				CLANG_CXX_LANGUAGE_STANDARD = "gnu++14";
				CLANG_CXX_LIBRARY = "libc++";
				CLANG_ENABLE_MODULES = YES;
				CLANG_ENABLE_OBJC_ARC = YES;
				CLANG_ENABLE_OBJC_WEAK = YES;
				CLANG_WARN_BLOCK_CAPTURE_AUTORELEASING = YES;
				CLANG_WARN_BOOL_CONVERSION = YES;
				CLANG_WARN_COMMA = YES;
				CLANG_WARN_CONSTANT_CONVERSION = YES;
				CLANG_WARN_DEPRECATED_OBJC_IMPLEMENTATIONS = YES;
				CLANG_WARN_DIRECT_OBJC_ISA_USAGE = YES_ERROR;
				CLANG_WARN_DOCUMENTATION_COMMENTS = YES;
				CLANG_WARN_EMPTY_BODY = YES;
				CLANG_WARN_ENUM_CONVERSION = YES;
				CLANG_WARN_INFINITE_RECURSION = YES;
				CLANG_WARN_INT_CONVERSION = YES;
				CLANG_WARN_NON_LITERAL_NULL_CONVERSION = YES;
				CLANG_WARN_OBJC_IMPLICIT_RETAIN_SELF = YES;
				CLANG_WARN_OBJC_LITERAL_CONVERSION = YES;
				CLANG_WARN_OBJC_ROOT_CLASS = YES_ERROR;
				CLANG_WARN_QUOTED_INCLUDE_IN_FRAMEWORK_HEADER = YES;
				CLANG_WARN_RANGE_LOOP_ANALYSIS = YES;
				CLANG_WARN_STRICT_PROTOTYPES = YES;
				CLANG_WARN_SUSPICIOUS_MOVE = YES;
				CLANG_WARN_UNGUARDED_AVAILABILITY = YES_AGGRESSIVE;
				CLANG_WARN_UNREACHABLE_CODE = YES;
				CLANG_WARN__DUPLICATE_METHOD_MATCH = YES;
				COPY_PHASE_STRIP = NO;
				DEBUG_INFORMATION_FORMAT = dwarf;
				ENABLE_STRICT_OBJC_MSGSEND = YES;
				ENABLE_TESTABILITY = YES;
				GCC_C_LANGUAGE_STANDARD = gnu11;
				GCC_DYNAMIC_NO_PIC = NO;
				GCC_NO_COMMON_BLOCKS = YES;
				GCC_OPTIMIZATION_LEVEL = 0;
				GCC_PREPROCESSOR_DEFINITIONS = (
					"DEBUG=1",
					"$(inherited)",
				);
				GCC_WARN_64_TO_32_BIT_CONVERSION = YES;
				GCC_WARN_ABOUT_RETURN_TYPE = YES_ERROR;
				GCC_WARN_UNDECLARED_SELECTOR = YES;
				GCC_WARN_UNINITIALIZED_AUTOS = YES_AGGRESSIVE;
				GCC_WARN_UNUSED_FUNCTION = YES;
				GCC_WARN_UNUSED_VARIABLE = YES;
				IPHONEOS_DEPLOYMENT_TARGET = 14.2;
				MTL_ENABLE_DEBUG_INFO = INCLUDE_SOURCE;
				MTL_FAST_MATH = YES;
				ONLY_ACTIVE_ARCH = YES;
				SDKROOT = iphoneos;
				SWIFT_ACTIVE_COMPILATION_CONDITIONS = DEBUG;
				SWIFT_OPTIMIZATION_LEVEL = "-Onone";
			};
			name = Debug;
		};
		43775737267B91DC0000909C /* Release */ = {
			isa = XCBuildConfiguration;
			buildSettings = {
				ALWAYS_SEARCH_USER_PATHS = NO;
				CLANG_ANALYZER_NONNULL = YES;
				CLANG_ANALYZER_NUMBER_OBJECT_CONVERSION = YES_AGGRESSIVE;
				CLANG_CXX_LANGUAGE_STANDARD = "gnu++14";
				CLANG_CXX_LIBRARY = "libc++";
				CLANG_ENABLE_MODULES = YES;
				CLANG_ENABLE_OBJC_ARC = YES;
				CLANG_ENABLE_OBJC_WEAK = YES;
				CLANG_WARN_BLOCK_CAPTURE_AUTORELEASING = YES;
				CLANG_WARN_BOOL_CONVERSION = YES;
				CLANG_WARN_COMMA = YES;
				CLANG_WARN_CONSTANT_CONVERSION = YES;
				CLANG_WARN_DEPRECATED_OBJC_IMPLEMENTATIONS = YES;
				CLANG_WARN_DIRECT_OBJC_ISA_USAGE = YES_ERROR;
				CLANG_WARN_DOCUMENTATION_COMMENTS = YES;
				CLANG_WARN_EMPTY_BODY = YES;
				CLANG_WARN_ENUM_CONVERSION = YES;
				CLANG_WARN_INFINITE_RECURSION = YES;
				CLANG_WARN_INT_CONVERSION = YES;
				CLANG_WARN_NON_LITERAL_NULL_CONVERSION = YES;
				CLANG_WARN_OBJC_IMPLICIT_RETAIN_SELF = YES;
				CLANG_WARN_OBJC_LITERAL_CONVERSION = YES;
				CLANG_WARN_OBJC_ROOT_CLASS = YES_ERROR;
				CLANG_WARN_QUOTED_INCLUDE_IN_FRAMEWORK_HEADER = YES;
				CLANG_WARN_RANGE_LOOP_ANALYSIS = YES;
				CLANG_WARN_STRICT_PROTOTYPES = YES;
				CLANG_WARN_SUSPICIOUS_MOVE = YES;
				CLANG_WARN_UNGUARDED_AVAILABILITY = YES_AGGRESSIVE;
				CLANG_WARN_UNREACHABLE_CODE = YES;
				CLANG_WARN__DUPLICATE_METHOD_MATCH = YES;
				COPY_PHASE_STRIP = NO;
				DEBUG_INFORMATION_FORMAT = "dwarf-with-dsym";
				ENABLE_NS_ASSERTIONS = NO;
				ENABLE_STRICT_OBJC_MSGSEND = YES;
				GCC_C_LANGUAGE_STANDARD = gnu11;
				GCC_NO_COMMON_BLOCKS = YES;
				GCC_WARN_64_TO_32_BIT_CONVERSION = YES;
				GCC_WARN_ABOUT_RETURN_TYPE = YES_ERROR;
				GCC_WARN_UNDECLARED_SELECTOR = YES;
				GCC_WARN_UNINITIALIZED_AUTOS = YES_AGGRESSIVE;
				GCC_WARN_UNUSED_FUNCTION = YES;
				GCC_WARN_UNUSED_VARIABLE = YES;
				IPHONEOS_DEPLOYMENT_TARGET = 14.2;
				MTL_ENABLE_DEBUG_INFO = NO;
				MTL_FAST_MATH = YES;
				SDKROOT = iphoneos;
				SWIFT_COMPILATION_MODE = wholemodule;
				SWIFT_OPTIMIZATION_LEVEL = "-O";
				VALIDATE_PRODUCT = YES;
			};
			name = Release;
		};
		43775739267B91DC0000909C /* Debug */ = {
			isa = XCBuildConfiguration;
			buildSettings = {
				ASSETCATALOG_COMPILER_APPICON_NAME = AppIcon;
				ASSETCATALOG_COMPILER_GLOBAL_ACCENT_COLOR_NAME = AccentColor;
				CODE_SIGN_STYLE = Automatic;
				INFOPLIST_FILE = "AppStore-Rx/Application/Info.plist";
				LD_RUNPATH_SEARCH_PATHS = (
					"$(inherited)",
					"@executable_path/Frameworks",
				);
				PRODUCT_BUNDLE_IDENTIFIER = "com.jongko.AppStore-Rx";
				PRODUCT_NAME = "$(TARGET_NAME)";
				SWIFT_VERSION = 5.0;
				TARGETED_DEVICE_FAMILY = 1;
			};
			name = Debug;
		};
		4377573A267B91DC0000909C /* Release */ = {
			isa = XCBuildConfiguration;
			buildSettings = {
				ASSETCATALOG_COMPILER_APPICON_NAME = AppIcon;
				ASSETCATALOG_COMPILER_GLOBAL_ACCENT_COLOR_NAME = AccentColor;
				CODE_SIGN_STYLE = Automatic;
				INFOPLIST_FILE = "AppStore-Rx/Application/Info.plist";
				LD_RUNPATH_SEARCH_PATHS = (
					"$(inherited)",
					"@executable_path/Frameworks",
				);
				PRODUCT_BUNDLE_IDENTIFIER = "com.jongko.AppStore-Rx";
				PRODUCT_NAME = "$(TARGET_NAME)";
				SWIFT_VERSION = 5.0;
				TARGETED_DEVICE_FAMILY = 1;
			};
			name = Release;
		};
		4377573C267B91DC0000909C /* Debug */ = {
			isa = XCBuildConfiguration;
			buildSettings = {
				ALWAYS_EMBED_SWIFT_STANDARD_LIBRARIES = YES;
				BUNDLE_LOADER = "$(TEST_HOST)";
				CODE_SIGN_STYLE = Automatic;
				INFOPLIST_FILE = "AppStore-RxTests/Info.plist";
				IPHONEOS_DEPLOYMENT_TARGET = 14.2;
				LD_RUNPATH_SEARCH_PATHS = (
					"$(inherited)",
					"@executable_path/Frameworks",
					"@loader_path/Frameworks",
				);
				PRODUCT_BUNDLE_IDENTIFIER = "com.jongko.AppStore-RxTests";
				PRODUCT_NAME = "$(TARGET_NAME)";
				SWIFT_VERSION = 5.0;
				TARGETED_DEVICE_FAMILY = "1,2";
				TEST_HOST = "$(BUILT_PRODUCTS_DIR)/AppStore-Rx.app/AppStore-Rx";
			};
			name = Debug;
		};
		4377573D267B91DC0000909C /* Release */ = {
			isa = XCBuildConfiguration;
			buildSettings = {
				ALWAYS_EMBED_SWIFT_STANDARD_LIBRARIES = YES;
				BUNDLE_LOADER = "$(TEST_HOST)";
				CODE_SIGN_STYLE = Automatic;
				INFOPLIST_FILE = "AppStore-RxTests/Info.plist";
				IPHONEOS_DEPLOYMENT_TARGET = 14.2;
				LD_RUNPATH_SEARCH_PATHS = (
					"$(inherited)",
					"@executable_path/Frameworks",
					"@loader_path/Frameworks",
				);
				PRODUCT_BUNDLE_IDENTIFIER = "com.jongko.AppStore-RxTests";
				PRODUCT_NAME = "$(TARGET_NAME)";
				SWIFT_VERSION = 5.0;
				TARGETED_DEVICE_FAMILY = "1,2";
				TEST_HOST = "$(BUILT_PRODUCTS_DIR)/AppStore-Rx.app/AppStore-Rx";
			};
			name = Release;
		};
		4377573F267B91DC0000909C /* Debug */ = {
			isa = XCBuildConfiguration;
			buildSettings = {
				ALWAYS_EMBED_SWIFT_STANDARD_LIBRARIES = YES;
				CODE_SIGN_STYLE = Automatic;
				INFOPLIST_FILE = "AppStore-RxUITests/Info.plist";
				LD_RUNPATH_SEARCH_PATHS = (
					"$(inherited)",
					"@executable_path/Frameworks",
					"@loader_path/Frameworks",
				);
				PRODUCT_BUNDLE_IDENTIFIER = "com.jongko.AppStore-RxUITests";
				PRODUCT_NAME = "$(TARGET_NAME)";
				SWIFT_VERSION = 5.0;
				TARGETED_DEVICE_FAMILY = "1,2";
				TEST_TARGET_NAME = "AppStore-Rx";
			};
			name = Debug;
		};
		43775740267B91DC0000909C /* Release */ = {
			isa = XCBuildConfiguration;
			buildSettings = {
				ALWAYS_EMBED_SWIFT_STANDARD_LIBRARIES = YES;
				CODE_SIGN_STYLE = Automatic;
				INFOPLIST_FILE = "AppStore-RxUITests/Info.plist";
				LD_RUNPATH_SEARCH_PATHS = (
					"$(inherited)",
					"@executable_path/Frameworks",
					"@loader_path/Frameworks",
				);
				PRODUCT_BUNDLE_IDENTIFIER = "com.jongko.AppStore-RxUITests";
				PRODUCT_NAME = "$(TARGET_NAME)";
				SWIFT_VERSION = 5.0;
				TARGETED_DEVICE_FAMILY = "1,2";
				TEST_TARGET_NAME = "AppStore-Rx";
			};
			name = Release;
		};
/* End XCBuildConfiguration section */

/* Begin XCConfigurationList section */
		43775706267B91D90000909C /* Build configuration list for PBXProject "AppStore-Rx" */ = {
			isa = XCConfigurationList;
			buildConfigurations = (
				43775736267B91DC0000909C /* Debug */,
				43775737267B91DC0000909C /* Release */,
			);
			defaultConfigurationIsVisible = 0;
			defaultConfigurationName = Release;
		};
		43775738267B91DC0000909C /* Build configuration list for PBXNativeTarget "AppStore-Rx" */ = {
			isa = XCConfigurationList;
			buildConfigurations = (
				43775739267B91DC0000909C /* Debug */,
				4377573A267B91DC0000909C /* Release */,
			);
			defaultConfigurationIsVisible = 0;
			defaultConfigurationName = Release;
		};
		4377573B267B91DC0000909C /* Build configuration list for PBXNativeTarget "AppStore-RxTests" */ = {
			isa = XCConfigurationList;
			buildConfigurations = (
				4377573C267B91DC0000909C /* Debug */,
				4377573D267B91DC0000909C /* Release */,
			);
			defaultConfigurationIsVisible = 0;
			defaultConfigurationName = Release;
		};
		4377573E267B91DC0000909C /* Build configuration list for PBXNativeTarget "AppStore-RxUITests" */ = {
			isa = XCConfigurationList;
			buildConfigurations = (
				4377573F267B91DC0000909C /* Debug */,
				43775740267B91DC0000909C /* Release */,
			);
			defaultConfigurationIsVisible = 0;
			defaultConfigurationName = Release;
		};
/* End XCConfigurationList section */

/* Begin XCVersionGroup section */
		43775717267B91D90000909C /* AppStore_Rx.xcdatamodeld */ = {
			isa = XCVersionGroup;
			children = (
				43775718267B91D90000909C /* AppStore_Rx.xcdatamodel */,
			);
			currentVersion = 43775718267B91D90000909C /* AppStore_Rx.xcdatamodel */;
			path = AppStore_Rx.xcdatamodeld;
			sourceTree = "<group>";
			versionGroupType = wrapper.xcdatamodel;
		};
/* End XCVersionGroup section */
	};
	rootObject = 43775703267B91D90000909C /* Project object */;
}
